{"1.1.0",
[{<<"bcrypt">>,{pkg,<<"bcrypt">>,<<"1.0.2">>},1},
 {<<"erlpass">>,
  {git,"https://github.com/ferd/erlpass",
       {ref,"95ec569399843fb114dd2437e4a09101272b247d"}},
  0},
 {<<"nitrogen_core">>,
  {git,"https://github.com/nitrogen/nitrogen_core",
       {ref,"08e944b4b256d54d3f28da21962f9280a1a62ec8"}},
  0},
 {<<"nprocreg">>,
  {git,"https://github.com/nitrogen/nprocreg",
       {ref,"af48a0769cc7ae75dd0216dd680fee2e1488aff5"}},
  0},
 {<<"rekt">>,
  {git,"git://github.com/nitrogen/rekt",
       {ref,"311ff756a3f33543fe4b8a80d4642f204a6bcec4"}},
  1},
 {<<"simple_bridge">>,
  {git,"https://github.com/nitrogen/simple_bridge",
       {ref,"f51222b739cb7650034a12d2be97711cf82c1d78"}},
  0},
 {<<"simple_cache">>,
  {git,"https://github.com/nitrogen/simple_cache",
       {ref,"a8dd713c0fdc391bfed3eab2c7b7c78a3795010a"}},
  0},
 {<<"stacktrace_compat">>,
  {git,"git://github.com/g-andrade/stacktrace_compat",
       {ref,"fe6238499a216f6f94836be9ec0b3956ea5c6101"}},
  1},
 {<<"sync">>,
  {git,"https://github.com/rustyio/sync",
       {ref,"9106be75883d7646dae72d4ac80c6ea88464a5ca"}},
  0}]}.
[
{pkg_hash,[
 {<<"bcrypt">>, <<"6735F66D3A7309AF166CE660161009B7D9B9216508B8B2E6A0A9090AF35CB757">>}]}
].
